
Microsoft Visual Studio Solution File, Format Version 12.00
# Visual Studio Version 16
VisualStudioVersion = 16.0.810.8
MinimumVisualStudioVersion = 10.0.40219.1
Project("{FAE04EC0-301F-11D3-BF4B-00C04F79EFBC}") = "WiredBrainCoffee.StorageApp", "WiredBrainCoffee.StorageApp\WiredBrainCoffee.StorageApp.csproj", "{A25FC8B8-B945-4A73-921B-355C58A0FF61}"
EndProject
Global
	GlobalSection(SolutionConfigurationPlatforms) = preSolution
		Debug|Any CPU = Debug|Any CPU
		Release|Any CPU = Release|Any CPU
	EndGlobalSection
	GlobalSection(ProjectConfigurationPlatforms) = postSolution
		{A25FC8B8-B945-4A73-921B-355C58A0FF61}.Debug|Any CPU.ActiveCfg = Debug|Any CPU
		{A25FC8B8-B945-4A73-921B-355C58A0FF61}.Debug|Any CPU.Build.0 = Debug|Any CPU
		{A25FC8B8-B945-4A73-921B-355C58A0FF61}.Release|Any CPU.ActiveCfg = Release|Any CPU
		{A25FC8B8-B945-4A73-921B-355C58A0FF61}.Release|Any CPU.Build.0 = Release|Any CPU
	EndGlobalSection
	GlobalSection(SolutionProperties) = preSolution
		HideSolutionNode = FALSE
	EndGlobalSection
	GlobalSection(ExtensibilityGlobals) = postSolution
		SolutionGuid = {63740FAB-3EF1-40EB-85EA-B8839F183F33}
	EndGlobalSection
EndGlobal
